
Microsoft Visual Studio Solution File, Format Version 12.00
# Visual Studio Version 16
VisualStudioVersion = 16.0.31410.357
MinimumVisualStudioVersion = 10.0.40219.1
Project("{FAE04EC0-301F-11D3-BF4B-00C04F79EFBC}") = "GestorCalificaciones.API", "GestorCalificaciones.API\GestorCalificaciones.API.csproj", "{C1C5F1DA-58CB-4C25-B8CD-ED7A119E2B95}"
EndProject
Global
	GlobalSection(SolutionConfigurationPlatforms) = preSolution
		Debug|Any CPU = Debug|Any CPU
		Release|Any CPU = Release|Any CPU
	EndGlobalSection
	GlobalSection(ProjectConfigurationPlatforms) = postSolution
		{C1C5F1DA-58CB-4C25-B8CD-ED7A119E2B95}.Debug|Any CPU.ActiveCfg = Debug|Any CPU
		{C1C5F1DA-58CB-4C25-B8CD-ED7A119E2B95}.Debug|Any CPU.Build.0 = Debug|Any CPU
		{C1C5F1DA-58CB-4C25-B8CD-ED7A119E2B95}.Release|Any CPU.ActiveCfg = Release|Any CPU
		{C1C5F1DA-58CB-4C25-B8CD-ED7A119E2B95}.Release|Any CPU.Build.0 = Release|Any CPU
	EndGlobalSection
	GlobalSection(SolutionProperties) = preSolution
		HideSolutionNode = FALSE
	EndGlobalSection
	GlobalSection(ExtensibilityGlobals) = postSolution
		SolutionGuid = {E2F54F81-2F7F-4587-B070-48AC30E675E3}
	EndGlobalSection
EndGlobal
